
Microsoft Visual Studio Solution File, Format Version 12.00
# Visual Studio Version 17
VisualStudioVersion = 17.4.33103.184
MinimumVisualStudioVersion = 10.0.40219.1
Project("{FAE04EC0-301F-11D3-BF4B-00C04F79EFBC}") = "webapi.inlock_CodeFirst", "webapi.inlock_CodeFirst.csproj", "{AE3199CE-7586-46D9-BF32-5289A0679657}"
EndProject
Global
	GlobalSection(SolutionConfigurationPlatforms) = preSolution
		Debug|Any CPU = Debug|Any CPU
		Release|Any CPU = Release|Any CPU
	EndGlobalSection
	GlobalSection(ProjectConfigurationPlatforms) = postSolution
		{AE3199CE-7586-46D9-BF32-5289A0679657}.Debug|Any CPU.ActiveCfg = Debug|Any CPU
		{AE3199CE-7586-46D9-BF32-5289A0679657}.Debug|Any CPU.Build.0 = Debug|Any CPU
		{AE3199CE-7586-46D9-BF32-5289A0679657}.Release|Any CPU.ActiveCfg = Release|Any CPU
		{AE3199CE-7586-46D9-BF32-5289A0679657}.Release|Any CPU.Build.0 = Release|Any CPU
	EndGlobalSection
	GlobalSection(SolutionProperties) = preSolution
		HideSolutionNode = FALSE
	EndGlobalSection
	GlobalSection(ExtensibilityGlobals) = postSolution
		SolutionGuid = {DB5D6B64-268B-4F1D-BFAE-31310208ADD4}
	EndGlobalSection
EndGlobal
