
Microsoft Visual Studio Solution File, Format Version 12.00
# Visual Studio Version 17
VisualStudioVersion = 17.4.33103.184
MinimumVisualStudioVersion = 10.0.40219.1
Project("{FAE04EC0-301F-11D3-BF4B-00C04F79EFBC}") = "senai.inlock.webApi", "senai.inlock.webApi.csproj", "{83E9C9FA-6824-45D5-8D9B-F5B52069FE94}"
EndProject
Global
	GlobalSection(SolutionConfigurationPlatforms) = preSolution
		Debug|Any CPU = Debug|Any CPU
		Release|Any CPU = Release|Any CPU
	EndGlobalSection
	GlobalSection(ProjectConfigurationPlatforms) = postSolution
		{83E9C9FA-6824-45D5-8D9B-F5B52069FE94}.Debug|Any CPU.ActiveCfg = Debug|Any CPU
		{83E9C9FA-6824-45D5-8D9B-F5B52069FE94}.Debug|Any CPU.Build.0 = Debug|Any CPU
		{83E9C9FA-6824-45D5-8D9B-F5B52069FE94}.Release|Any CPU.ActiveCfg = Release|Any CPU
		{83E9C9FA-6824-45D5-8D9B-F5B52069FE94}.Release|Any CPU.Build.0 = Release|Any CPU
	EndGlobalSection
	GlobalSection(SolutionProperties) = preSolution
		HideSolutionNode = FALSE
	EndGlobalSection
	GlobalSection(ExtensibilityGlobals) = postSolution
		SolutionGuid = {404D022A-4D78-484D-8A87-38BA4C7F40AF}
	EndGlobalSection
EndGlobal
